// !$*UTF8*$!
{
	archiveVersion = 1;
	classes = {
	};
	objectVersion = 56;
	objects = {

/* Begin PBXBuildFile section */
		B04C97962ABB42C10007A34F /* GUIDetailView.swift in Sources */ = {isa = PBXBuildFile; fileRef = B04C97952ABB42C10007A34F /* GUIDetailView.swift */; };
		B04C97982ABB430E0007A34F /* CLIDetailView.swift in Sources */ = {isa = PBXBuildFile; fileRef = B04C97972ABB430E0007A34F /* CLIDetailView.swift */; };
		B04C979A2ABCA0F50007A34F /* ANSI.swift in Sources */ = {isa = PBXBuildFile; fileRef = B04C97992ABCA0F50007A34F /* ANSI.swift */; };
		B04C979C2ABCC3400007A34F /* SearchField.swift in Sources */ = {isa = PBXBuildFile; fileRef = B04C979B2ABCC3400007A34F /* SearchField.swift */; };
		B04C97A32ABCF1E30007A34F /* scripts in Resources */ = {isa = PBXBuildFile; fileRef = B04C97A22ABCF1E30007A34F /* scripts */; };
		B06CAEB42ABA170500405BAC /* TerminaderApp.swift in Sources */ = {isa = PBXBuildFile; fileRef = B06CAEB32ABA170500405BAC /* TerminaderApp.swift */; };
		B06CAEB62ABA170500405BAC /* ContentView.swift in Sources */ = {isa = PBXBuildFile; fileRef = B06CAEB52ABA170500405BAC /* ContentView.swift */; };
		B06CAEB82ABA170600405BAC /* Assets.xcassets in Resources */ = {isa = PBXBuildFile; fileRef = B06CAEB72ABA170600405BAC /* Assets.xcassets */; };
		B06CAEBB2ABA170600405BAC /* Preview Assets.xcassets in Resources */ = {isa = PBXBuildFile; fileRef = B06CAEBA2ABA170600405BAC /* Preview Assets.xcassets */; };
		B06CAEC42ABA1FF200405BAC /* WrappingHStack in Frameworks */ = {isa = PBXBuildFile; productRef = B06CAEC32ABA1FF200405BAC /* WrappingHStack */; };
		B06CAEC82ABA251800405BAC /* ContentViewModel.swift in Sources */ = {isa = PBXBuildFile; fileRef = B06CAEC72ABA251800405BAC /* ContentViewModel.swift */; };
		B07523772AC3435E00F4307E /* MarkdownUI in Frameworks */ = {isa = PBXBuildFile; productRef = B07523762AC3435E00F4307E /* MarkdownUI */; };
		B090726F2ABE1CB900D59DA1 /* main.swift in Sources */ = {isa = PBXBuildFile; fileRef = B090726E2ABE1CB900D59DA1 /* main.swift */; };
		B09072762ABE1E3100D59DA1 /* cat in Embed Commands */ = {isa = PBXBuildFile; fileRef = B090726C2ABE1CB900D59DA1 /* cat */; settings = {ATTRIBUTES = (CodeSignOnCopy, ); }; };
		B09072792ABE3BC200D59DA1 /* EonilFSEvents in Frameworks */ = {isa = PBXBuildFile; productRef = B09072782ABE3BC200D59DA1 /* EonilFSEvents */; };
/* End PBXBuildFile section */

/* Begin PBXContainerItemProxy section */
		B09072732ABE1DDF00D59DA1 /* PBXContainerItemProxy */ = {
			isa = PBXContainerItemProxy;
			containerPortal = B06CAEA82ABA170500405BAC /* Project object */;
			proxyType = 1;
			remoteGlobalIDString = B090726B2ABE1CB900D59DA1;
			remoteInfo = cat;
		};
/* End PBXContainerItemProxy section */

/* Begin PBXCopyFilesBuildPhase section */
		B090726A2ABE1CB900D59DA1 /* CopyFiles */ = {
			isa = PBXCopyFilesBuildPhase;
			buildActionMask = 2147483647;
			dstPath = /usr/share/man/man1/;
			dstSubfolderSpec = 0;
			files = (
			);
			runOnlyForDeploymentPostprocessing = 1;
		};
		B09072752ABE1DF400D59DA1 /* Embed Commands */ = {
			isa = PBXCopyFilesBuildPhase;
			buildActionMask = 2147483647;
			dstPath = "";
			dstSubfolderSpec = 6;
			files = (
				B09072762ABE1E3100D59DA1 /* cat in Embed Commands */,
			);
			name = "Embed Commands";
			runOnlyForDeploymentPostprocessing = 0;
		};
/* End PBXCopyFilesBuildPhase section */

/* Begin PBXFileReference section */
		B04C97952ABB42C10007A34F /* GUIDetailView.swift */ = {isa = PBXFileReference; lastKnownFileType = sourcecode.swift; path = GUIDetailView.swift; sourceTree = "<group>"; };
		B04C97972ABB430E0007A34F /* CLIDetailView.swift */ = {isa = PBXFileReference; lastKnownFileType = sourcecode.swift; path = CLIDetailView.swift; sourceTree = "<group>"; };
		B04C97992ABCA0F50007A34F /* ANSI.swift */ = {isa = PBXFileReference; lastKnownFileType = sourcecode.swift; path = ANSI.swift; sourceTree = "<group>"; };
		B04C979B2ABCC3400007A34F /* SearchField.swift */ = {isa = PBXFileReference; lastKnownFileType = sourcecode.swift; path = SearchField.swift; sourceTree = "<group>"; };
		B04C97A22ABCF1E30007A34F /* scripts */ = {isa = PBXFileReference; lastKnownFileType = folder; path = scripts; sourceTree = "<group>"; };
		B06CAEB02ABA170500405BAC /* Terminader.app */ = {isa = PBXFileReference; explicitFileType = wrapper.application; includeInIndex = 0; path = Terminader.app; sourceTree = BUILT_PRODUCTS_DIR; };
		B06CAEB32ABA170500405BAC /* TerminaderApp.swift */ = {isa = PBXFileReference; lastKnownFileType = sourcecode.swift; path = TerminaderApp.swift; sourceTree = "<group>"; };
		B06CAEB52ABA170500405BAC /* ContentView.swift */ = {isa = PBXFileReference; lastKnownFileType = sourcecode.swift; path = ContentView.swift; sourceTree = "<group>"; };
		B06CAEB72ABA170600405BAC /* Assets.xcassets */ = {isa = PBXFileReference; lastKnownFileType = folder.assetcatalog; path = Assets.xcassets; sourceTree = "<group>"; };
		B06CAEBA2ABA170600405BAC /* Preview Assets.xcassets */ = {isa = PBXFileReference; lastKnownFileType = folder.assetcatalog; path = "Preview Assets.xcassets"; sourceTree = "<group>"; };
		B06CAEBC2ABA170600405BAC /* Terminader.entitlements */ = {isa = PBXFileReference; lastKnownFileType = text.plist.entitlements; path = Terminader.entitlements; sourceTree = "<group>"; };
		B06CAEC72ABA251800405BAC /* ContentViewModel.swift */ = {isa = PBXFileReference; lastKnownFileType = sourcecode.swift; path = ContentViewModel.swift; sourceTree = "<group>"; };
		B06CAEC92ABA304600405BAC /* Info.plist */ = {isa = PBXFileReference; lastKnownFileType = text.plist; path = Info.plist; sourceTree = "<group>"; };
		B090726C2ABE1CB900D59DA1 /* cat */ = {isa = PBXFileReference; explicitFileType = "compiled.mach-o.executable"; includeInIndex = 0; path = cat; sourceTree = BUILT_PRODUCTS_DIR; };
		B090726E2ABE1CB900D59DA1 /* main.swift */ = {isa = PBXFileReference; lastKnownFileType = sourcecode.swift; path = main.swift; sourceTree = "<group>"; };
/* End PBXFileReference section */

/* Begin PBXFrameworksBuildPhase section */
		B06CAEAD2ABA170500405BAC /* Frameworks */ = {
			isa = PBXFrameworksBuildPhase;
			buildActionMask = 2147483647;
			files = (
				B07523772AC3435E00F4307E /* MarkdownUI in Frameworks */,
				B09072792ABE3BC200D59DA1 /* EonilFSEvents in Frameworks */,
				B06CAEC42ABA1FF200405BAC /* WrappingHStack in Frameworks */,
			);
			runOnlyForDeploymentPostprocessing = 0;
		};
		B09072692ABE1CB900D59DA1 /* Frameworks */ = {
			isa = PBXFrameworksBuildPhase;
			buildActionMask = 2147483647;
			files = (
			);
			runOnlyForDeploymentPostprocessing = 0;
		};
/* End PBXFrameworksBuildPhase section */

/* Begin PBXGroup section */
		B06CAEA72ABA170500405BAC = {
			isa = PBXGroup;
			children = (
				B06CAEB22ABA170500405BAC /* Terminader */,
				B090726D2ABE1CB900D59DA1 /* cat */,
				B06CAEB12ABA170500405BAC /* Products */,
			);
			sourceTree = "<group>";
		};
		B06CAEB12ABA170500405BAC /* Products */ = {
			isa = PBXGroup;
			children = (
				B06CAEB02ABA170500405BAC /* Terminader.app */,
				B090726C2ABE1CB900D59DA1 /* cat */,
			);
			name = Products;
			sourceTree = "<group>";
		};
		B06CAEB22ABA170500405BAC /* Terminader */ = {
			isa = PBXGroup;
			children = (
				B06CAEC92ABA304600405BAC /* Info.plist */,
				B06CAEB32ABA170500405BAC /* TerminaderApp.swift */,
				B06CAEB52ABA170500405BAC /* ContentView.swift */,
				B06CAEC72ABA251800405BAC /* ContentViewModel.swift */,
				B04C97952ABB42C10007A34F /* GUIDetailView.swift */,
				B04C97972ABB430E0007A34F /* CLIDetailView.swift */,
				B04C979B2ABCC3400007A34F /* SearchField.swift */,
				B04C97992ABCA0F50007A34F /* ANSI.swift */,
				B04C97A22ABCF1E30007A34F /* scripts */,
				B06CAEB72ABA170600405BAC /* Assets.xcassets */,
				B06CAEBC2ABA170600405BAC /* Terminader.entitlements */,
				B06CAEB92ABA170600405BAC /* Preview Content */,
			);
			path = Terminader;
			sourceTree = "<group>";
		};
		B06CAEB92ABA170600405BAC /* Preview Content */ = {
			isa = PBXGroup;
			children = (
				B06CAEBA2ABA170600405BAC /* Preview Assets.xcassets */,
			);
			path = "Preview Content";
			sourceTree = "<group>";
		};
		B090726D2ABE1CB900D59DA1 /* cat */ = {
			isa = PBXGroup;
			children = (
				B090726E2ABE1CB900D59DA1 /* main.swift */,
			);
			path = cat;
			sourceTree = "<group>";
		};
/* End PBXGroup section */

/* Begin PBXNativeTarget section */
		B06CAEAF2ABA170500405BAC /* Terminader */ = {
			isa = PBXNativeTarget;
			buildConfigurationList = B06CAEBF2ABA170600405BAC /* Build configuration list for PBXNativeTarget "Terminader" */;
			buildPhases = (
				B06CAEAC2ABA170500405BAC /* Sources */,
				B06CAEAD2ABA170500405BAC /* Frameworks */,
				B06CAEAE2ABA170500405BAC /* Resources */,
				B09072752ABE1DF400D59DA1 /* Embed Commands */,
			);
			buildRules = (
			);
			dependencies = (
				B090727B2ABE3C2400D59DA1 /* PBXTargetDependency */,
				B09072742ABE1DDF00D59DA1 /* PBXTargetDependency */,
				B06CAEC62ABA200400405BAC /* PBXTargetDependency */,
			);
			name = Terminader;
			packageProductDependencies = (
				B06CAEC32ABA1FF200405BAC /* WrappingHStack */,
				B09072782ABE3BC200D59DA1 /* EonilFSEvents */,
				B07523762AC3435E00F4307E /* MarkdownUI */,
			);
			productName = Terminader;
			productReference = B06CAEB02ABA170500405BAC /* Terminader.app */;
			productType = "com.apple.product-type.application";
		};
		B090726B2ABE1CB900D59DA1 /* cat */ = {
			isa = PBXNativeTarget;
			buildConfigurationList = B09072722ABE1CB900D59DA1 /* Build configuration list for PBXNativeTarget "cat" */;
			buildPhases = (
				B09072682ABE1CB900D59DA1 /* Sources */,
				B09072692ABE1CB900D59DA1 /* Frameworks */,
				B090726A2ABE1CB900D59DA1 /* CopyFiles */,
			);
			buildRules = (
			);
			dependencies = (
			);
			name = cat;
			productName = cat;
			productReference = B090726C2ABE1CB900D59DA1 /* cat */;
			productType = "com.apple.product-type.tool";
		};
/* End PBXNativeTarget section */

/* Begin PBXProject section */
		B06CAEA82ABA170500405BAC /* Project object */ = {
			isa = PBXProject;
			attributes = {
				BuildIndependentTargetsInParallel = 1;
				LastSwiftUpdateCheck = 1430;
				LastUpgradeCheck = 1430;
				TargetAttributes = {
					B06CAEAF2ABA170500405BAC = {
						CreatedOnToolsVersion = 14.3.1;
					};
					B090726B2ABE1CB900D59DA1 = {
						CreatedOnToolsVersion = 14.3.1;
					};
				};
			};
			buildConfigurationList = B06CAEAB2ABA170500405BAC /* Build configuration list for PBXProject "Terminader" */;
			compatibilityVersion = "Xcode 14.0";
			developmentRegion = en;
			hasScannedForEncodings = 0;
			knownRegions = (
				en,
				Base,
			);
			mainGroup = B06CAEA72ABA170500405BAC;
			packageReferences = (
				B06CAEC22ABA1FF200405BAC /* XCRemoteSwiftPackageReference "WrappingHStack" */,
				B09072772ABE3BC200D59DA1 /* XCRemoteSwiftPackageReference "FSEvents" */,
				B07523752AC3435E00F4307E /* XCRemoteSwiftPackageReference "swift-markdown-ui" */,
			);
			productRefGroup = B06CAEB12ABA170500405BAC /* Products */;
			projectDirPath = "";
			projectRoot = "";
			targets = (
				B06CAEAF2ABA170500405BAC /* Terminader */,
				B090726B2ABE1CB900D59DA1 /* cat */,
			);
		};
/* End PBXProject section */

/* Begin PBXResourcesBuildPhase section */
		B06CAEAE2ABA170500405BAC /* Resources */ = {
			isa = PBXResourcesBuildPhase;
			buildActionMask = 2147483647;
			files = (
				B06CAEBB2ABA170600405BAC /* Preview Assets.xcassets in Resources */,
				B04C97A32ABCF1E30007A34F /* scripts in Resources */,
				B06CAEB82ABA170600405BAC /* Assets.xcassets in Resources */,
			);
			runOnlyForDeploymentPostprocessing = 0;
		};
/* End PBXResourcesBuildPhase section */

/* Begin PBXSourcesBuildPhase section */
		B06CAEAC2ABA170500405BAC /* Sources */ = {
			isa = PBXSourcesBuildPhase;
			buildActionMask = 2147483647;
			files = (
				B04C979A2ABCA0F50007A34F /* ANSI.swift in Sources */,
				B06CAEB62ABA170500405BAC /* ContentView.swift in Sources */,
				B04C97962ABB42C10007A34F /* GUIDetailView.swift in Sources */,
				B06CAEB42ABA170500405BAC /* TerminaderApp.swift in Sources */,
				B04C979C2ABCC3400007A34F /* SearchField.swift in Sources */,
				B04C97982ABB430E0007A34F /* CLIDetailView.swift in Sources */,
				B06CAEC82ABA251800405BAC /* ContentViewModel.swift in Sources */,
			);
			runOnlyForDeploymentPostprocessing = 0;
		};
		B09072682ABE1CB900D59DA1 /* Sources */ = {
			isa = PBXSourcesBuildPhase;
			buildActionMask = 2147483647;
			files = (
				B090726F2ABE1CB900D59DA1 /* main.swift in Sources */,
			);
			runOnlyForDeploymentPostprocessing = 0;
		};
/* End PBXSourcesBuildPhase section */

/* Begin PBXTargetDependency section */
		B06CAEC62ABA200400405BAC /* PBXTargetDependency */ = {
			isa = PBXTargetDependency;
			productRef = B06CAEC52ABA200400405BAC /* WrappingHStack */;
		};
		B09072742ABE1DDF00D59DA1 /* PBXTargetDependency */ = {
			isa = PBXTargetDependency;
			target = B090726B2ABE1CB900D59DA1 /* cat */;
			targetProxy = B09072732ABE1DDF00D59DA1 /* PBXContainerItemProxy */;
		};
		B090727B2ABE3C2400D59DA1 /* PBXTargetDependency */ = {
			isa = PBXTargetDependency;
			productRef = B090727A2ABE3C2400D59DA1 /* EonilFSEvents */;
		};
/* End PBXTargetDependency section */

/* Begin XCBuildConfiguration section */
		B06CAEBD2ABA170600405BAC /* Debug */ = {
			isa = XCBuildConfiguration;
			buildSettings = {
				ALWAYS_SEARCH_USER_PATHS = NO;
				CLANG_ANALYZER_NONNULL = YES;
				CLANG_ANALYZER_NUMBER_OBJECT_CONVERSION = YES_AGGRESSIVE;
				CLANG_CXX_LANGUAGE_STANDARD = "gnu++20";
				CLANG_ENABLE_MODULES = YES;
				CLANG_ENABLE_OBJC_ARC = YES;
				CLANG_ENABLE_OBJC_WEAK = YES;
				CLANG_WARN_BLOCK_CAPTURE_AUTORELEASING = YES;
				CLANG_WARN_BOOL_CONVERSION = YES;
				CLANG_WARN_COMMA = YES;
				CLANG_WARN_CONSTANT_CONVERSION = YES;
				CLANG_WARN_DEPRECATED_OBJC_IMPLEMENTATIONS = YES;
				CLANG_WARN_DIRECT_OBJC_ISA_USAGE = YES_ERROR;
				CLANG_WARN_DOCUMENTATION_COMMENTS = YES;
				CLANG_WARN_EMPTY_BODY = YES;
				CLANG_WARN_ENUM_CONVERSION = YES;
				CLANG_WARN_INFINITE_RECURSION = YES;
				CLANG_WARN_INT_CONVERSION = YES;
				CLANG_WARN_NON_LITERAL_NULL_CONVERSION = YES;
				CLANG_WARN_OBJC_IMPLICIT_RETAIN_SELF = YES;
				CLANG_WARN_OBJC_LITERAL_CONVERSION = YES;
				CLANG_WARN_OBJC_ROOT_CLASS = YES_ERROR;
				CLANG_WARN_QUOTED_INCLUDE_IN_FRAMEWORK_HEADER = YES;
				CLANG_WARN_RANGE_LOOP_ANALYSIS = YES;
				CLANG_WARN_STRICT_PROTOTYPES = YES;
				CLANG_WARN_SUSPICIOUS_MOVE = YES;
				CLANG_WARN_UNGUARDED_AVAILABILITY = YES_AGGRESSIVE;
				CLANG_WARN_UNREACHABLE_CODE = YES;
				CLANG_WARN__DUPLICATE_METHOD_MATCH = YES;
				COPY_PHASE_STRIP = NO;
				DEBUG_INFORMATION_FORMAT = dwarf;
				ENABLE_STRICT_OBJC_MSGSEND = YES;
				ENABLE_TESTABILITY = YES;
				GCC_C_LANGUAGE_STANDARD = gnu11;
				GCC_DYNAMIC_NO_PIC = NO;
				GCC_NO_COMMON_BLOCKS = YES;
				GCC_OPTIMIZATION_LEVEL = 0;
				GCC_PREPROCESSOR_DEFINITIONS = (
					"DEBUG=1",
					"$(inherited)",
				);
				GCC_WARN_64_TO_32_BIT_CONVERSION = YES;
				GCC_WARN_ABOUT_RETURN_TYPE = YES_ERROR;
				GCC_WARN_UNDECLARED_SELECTOR = YES;
				GCC_WARN_UNINITIALIZED_AUTOS = YES_AGGRESSIVE;
				GCC_WARN_UNUSED_FUNCTION = YES;
				GCC_WARN_UNUSED_VARIABLE = YES;
				MACOSX_DEPLOYMENT_TARGET = 13.3;
				MTL_ENABLE_DEBUG_INFO = INCLUDE_SOURCE;
				MTL_FAST_MATH = YES;
				ONLY_ACTIVE_ARCH = YES;
				SDKROOT = macosx;
				SWIFT_ACTIVE_COMPILATION_CONDITIONS = DEBUG;
				SWIFT_OPTIMIZATION_LEVEL = "-Onone";
			};
			name = Debug;
		};
		B06CAEBE2ABA170600405BAC /* Release */ = {
			isa = XCBuildConfiguration;
			buildSettings = {
				ALWAYS_SEARCH_USER_PATHS = NO;
				CLANG_ANALYZER_NONNULL = YES;
				CLANG_ANALYZER_NUMBER_OBJECT_CONVERSION = YES_AGGRESSIVE;
				CLANG_CXX_LANGUAGE_STANDARD = "gnu++20";
				CLANG_ENABLE_MODULES = YES;
				CLANG_ENABLE_OBJC_ARC = YES;
				CLANG_ENABLE_OBJC_WEAK = YES;
				CLANG_WARN_BLOCK_CAPTURE_AUTORELEASING = YES;
				CLANG_WARN_BOOL_CONVERSION = YES;
				CLANG_WARN_COMMA = YES;
				CLANG_WARN_CONSTANT_CONVERSION = YES;
				CLANG_WARN_DEPRECATED_OBJC_IMPLEMENTATIONS = YES;
				CLANG_WARN_DIRECT_OBJC_ISA_USAGE = YES_ERROR;
				CLANG_WARN_DOCUMENTATION_COMMENTS = YES;
				CLANG_WARN_EMPTY_BODY = YES;
				CLANG_WARN_ENUM_CONVERSION = YES;
				CLANG_WARN_INFINITE_RECURSION = YES;
				CLANG_WARN_INT_CONVERSION = YES;
				CLANG_WARN_NON_LITERAL_NULL_CONVERSION = YES;
				CLANG_WARN_OBJC_IMPLICIT_RETAIN_SELF = YES;
				CLANG_WARN_OBJC_LITERAL_CONVERSION = YES;
				CLANG_WARN_OBJC_ROOT_CLASS = YES_ERROR;
				CLANG_WARN_QUOTED_INCLUDE_IN_FRAMEWORK_HEADER = YES;
				CLANG_WARN_RANGE_LOOP_ANALYSIS = YES;
				CLANG_WARN_STRICT_PROTOTYPES = YES;
				CLANG_WARN_SUSPICIOUS_MOVE = YES;
				CLANG_WARN_UNGUARDED_AVAILABILITY = YES_AGGRESSIVE;
				CLANG_WARN_UNREACHABLE_CODE = YES;
				CLANG_WARN__DUPLICATE_METHOD_MATCH = YES;
				COPY_PHASE_STRIP = NO;
				DEBUG_INFORMATION_FORMAT = "dwarf-with-dsym";
				ENABLE_NS_ASSERTIONS = NO;
				ENABLE_STRICT_OBJC_MSGSEND = YES;
				GCC_C_LANGUAGE_STANDARD = gnu11;
				GCC_NO_COMMON_BLOCKS = YES;
				GCC_WARN_64_TO_32_BIT_CONVERSION = YES;
				GCC_WARN_ABOUT_RETURN_TYPE = YES_ERROR;
				GCC_WARN_UNDECLARED_SELECTOR = YES;
				GCC_WARN_UNINITIALIZED_AUTOS = YES_AGGRESSIVE;
				GCC_WARN_UNUSED_FUNCTION = YES;
				GCC_WARN_UNUSED_VARIABLE = YES;
				MACOSX_DEPLOYMENT_TARGET = 13.3;
				MTL_ENABLE_DEBUG_INFO = NO;
				MTL_FAST_MATH = YES;
				SDKROOT = macosx;
				SWIFT_COMPILATION_MODE = wholemodule;
				SWIFT_OPTIMIZATION_LEVEL = "-O";
			};
			name = Release;
		};
		B06CAEC02ABA170600405BAC /* Debug */ = {
			isa = XCBuildConfiguration;
			buildSettings = {
				ASSETCATALOG_COMPILER_APPICON_NAME = AppIcon;
				ASSETCATALOG_COMPILER_GLOBAL_ACCENT_COLOR_NAME = AccentColor;
				CODE_SIGN_ENTITLEMENTS = Terminader/Terminader.entitlements;
				CODE_SIGN_STYLE = Automatic;
				COMBINE_HIDPI_IMAGES = YES;
				CURRENT_PROJECT_VERSION = 1;
				DEVELOPMENT_ASSET_PATHS = "\"Terminader/Preview Content\"";
				ENABLE_PREVIEWS = YES;
				GENERATE_INFOPLIST_FILE = YES;
				INFOPLIST_FILE = Terminader/Info.plist;
				INFOPLIST_KEY_LSApplicationCategoryType = "public.app-category.utilities";
				INFOPLIST_KEY_NSHumanReadableCopyright = "";
				LD_RUNPATH_SEARCH_PATHS = (
					"$(inherited)",
					"@executable_path/../Frameworks",
				);
				MACOSX_DEPLOYMENT_TARGET = 14.0;
				MARKETING_VERSION = 1.0;
				PRODUCT_BUNDLE_IDENTIFIER = com.tampinco.Terminader;
				PRODUCT_NAME = "$(TARGET_NAME)";
				SWIFT_EMIT_LOC_STRINGS = YES;
				SWIFT_VERSION = 5.0;
			};
			name = Debug;
		};
		B06CAEC12ABA170600405BAC /* Release */ = {
			isa = XCBuildConfiguration;
			buildSettings = {
				ASSETCATALOG_COMPILER_APPICON_NAME = AppIcon;
				ASSETCATALOG_COMPILER_GLOBAL_ACCENT_COLOR_NAME = AccentColor;
				CODE_SIGN_ENTITLEMENTS = Terminader/Terminader.entitlements;
				CODE_SIGN_STYLE = Automatic;
				COMBINE_HIDPI_IMAGES = YES;
				CURRENT_PROJECT_VERSION = 1;
				DEVELOPMENT_ASSET_PATHS = "\"Terminader/Preview Content\"";
				ENABLE_PREVIEWS = YES;
				GENERATE_INFOPLIST_FILE = YES;
				INFOPLIST_FILE = Terminader/Info.plist;
				INFOPLIST_KEY_LSApplicationCategoryType = "public.app-category.utilities";
				INFOPLIST_KEY_NSHumanReadableCopyright = "";
				LD_RUNPATH_SEARCH_PATHS = (
					"$(inherited)",
					"@executable_path/../Frameworks",
				);
				MACOSX_DEPLOYMENT_TARGET = 14.0;
				MARKETING_VERSION = 1.0;
				PRODUCT_BUNDLE_IDENTIFIER = com.tampinco.Terminader;
				PRODUCT_NAME = "$(TARGET_NAME)";
				SWIFT_EMIT_LOC_STRINGS = YES;
				SWIFT_VERSION = 5.0;
			};
			name = Release;
		};
		B09072702ABE1CB900D59DA1 /* Debug */ = {
			isa = XCBuildConfiguration;
			buildSettings = {
				CODE_SIGN_INJECT_BASE_ENTITLEMENTS = NO;
				CODE_SIGN_STYLE = Automatic;
				OTHER_CODE_SIGN_FLAGS = "$(inherited) -i $(PRODUCT_BUNDLE_IDENTIFIER)";
				PRODUCT_BUNDLE_IDENTIFIER = com.tampinco.Terminador.cat;
				PRODUCT_NAME = "$(TARGET_NAME)";
				SKIP_INSTALL = YES;
				SWIFT_VERSION = 5.0;
			};
			name = Debug;
		};
		B09072712ABE1CB900D59DA1 /* Release */ = {
			isa = XCBuildConfiguration;
			buildSettings = {
				CODE_SIGN_INJECT_BASE_ENTITLEMENTS = NO;
				CODE_SIGN_STYLE = Automatic;
				OTHER_CODE_SIGN_FLAGS = "$(inherited) -i $(PRODUCT_BUNDLE_IDENTIFIER)";
				PRODUCT_BUNDLE_IDENTIFIER = com.tampinco.Terminador.cat;
				PRODUCT_NAME = "$(TARGET_NAME)";
				SKIP_INSTALL = YES;
				SWIFT_VERSION = 5.0;
			};
			name = Release;
		};
/* End XCBuildConfiguration section */

/* Begin XCConfigurationList section */
		B06CAEAB2ABA170500405BAC /* Build configuration list for PBXProject "Terminader" */ = {
			isa = XCConfigurationList;
			buildConfigurations = (
				B06CAEBD2ABA170600405BAC /* Debug */,
				B06CAEBE2ABA170600405BAC /* Release */,
			);
			defaultConfigurationIsVisible = 0;
			defaultConfigurationName = Release;
		};
		B06CAEBF2ABA170600405BAC /* Build configuration list for PBXNativeTarget "Terminader" */ = {
			isa = XCConfigurationList;
			buildConfigurations = (
				B06CAEC02ABA170600405BAC /* Debug */,
				B06CAEC12ABA170600405BAC /* Release */,
			);
			defaultConfigurationIsVisible = 0;
			defaultConfigurationName = Release;
		};
		B09072722ABE1CB900D59DA1 /* Build configuration list for PBXNativeTarget "cat" */ = {
			isa = XCConfigurationList;
			buildConfigurations = (
				B09072702ABE1CB900D59DA1 /* Debug */,
				B09072712ABE1CB900D59DA1 /* Release */,
			);
			defaultConfigurationIsVisible = 0;
			defaultConfigurationName = Release;
		};
/* End XCConfigurationList section */

/* Begin XCRemoteSwiftPackageReference section */
		B06CAEC22ABA1FF200405BAC /* XCRemoteSwiftPackageReference "WrappingHStack" */ = {
			isa = XCRemoteSwiftPackageReference;
			repositoryURL = "https://github.com/ksemianov/WrappingHStack";
			requirement = {
				kind = upToNextMajorVersion;
				minimumVersion = 0.1.3;
			};
		};
		B07523752AC3435E00F4307E /* XCRemoteSwiftPackageReference "swift-markdown-ui" */ = {
			isa = XCRemoteSwiftPackageReference;
			repositoryURL = "https://github.com/gonzalezreal/swift-markdown-ui.git";
			requirement = {
				kind = upToNextMajorVersion;
				minimumVersion = 2.0.0;
			};
		};
		B09072772ABE3BC200D59DA1 /* XCRemoteSwiftPackageReference "FSEvents" */ = {
			isa = XCRemoteSwiftPackageReference;
			repositoryURL = "https://github.com/eonil/FSEvents.git";
			requirement = {
				kind = upToNextMajorVersion;
				minimumVersion = 0.1.7;
			};
		};
/* End XCRemoteSwiftPackageReference section */

/* Begin XCSwiftPackageProductDependency section */
		B06CAEC32ABA1FF200405BAC /* WrappingHStack */ = {
			isa = XCSwiftPackageProductDependency;
			package = B06CAEC22ABA1FF200405BAC /* XCRemoteSwiftPackageReference "WrappingHStack" */;
			productName = WrappingHStack;
		};
		B06CAEC52ABA200400405BAC /* WrappingHStack */ = {
			isa = XCSwiftPackageProductDependency;
			package = B06CAEC22ABA1FF200405BAC /* XCRemoteSwiftPackageReference "WrappingHStack" */;
			productName = WrappingHStack;
		};
		B07523762AC3435E00F4307E /* MarkdownUI */ = {
			isa = XCSwiftPackageProductDependency;
			package = B07523752AC3435E00F4307E /* XCRemoteSwiftPackageReference "swift-markdown-ui" */;
			productName = MarkdownUI;
		};
		B09072782ABE3BC200D59DA1 /* EonilFSEvents */ = {
			isa = XCSwiftPackageProductDependency;
			package = B09072772ABE3BC200D59DA1 /* XCRemoteSwiftPackageReference "FSEvents" */;
			productName = EonilFSEvents;
		};
		B090727A2ABE3C2400D59DA1 /* EonilFSEvents */ = {
			isa = XCSwiftPackageProductDependency;
			package = B09072772ABE3BC200D59DA1 /* XCRemoteSwiftPackageReference "FSEvents" */;
			productName = EonilFSEvents;
		};
/* End XCSwiftPackageProductDependency section */
	};
	rootObject = B06CAEA82ABA170500405BAC /* Project object */;
}
